
Microsoft Visual Studio Solution File, Format Version 12.00
# Visual Studio Version 17
VisualStudioVersion = 17.13.35507.96 d17.13
MinimumVisualStudioVersion = 10.0.40219.1
Project("{FAE04EC0-301F-11D3-BF4B-00C04F79EFBC}") = "AcunMedyaPortfolio1", "AcunMedyaPortfolio1\AcunMedyaPortfolio1.csproj", "{FFD88622-E886-4D18-BDE4-AA2C9CF553EC}"
EndProject
Global
	GlobalSection(SolutionConfigurationPlatforms) = preSolution
		Debug|Any CPU = Debug|Any CPU
		Release|Any CPU = Release|Any CPU
	EndGlobalSection
	GlobalSection(ProjectConfigurationPlatforms) = postSolution
		{FFD88622-E886-4D18-BDE4-AA2C9CF553EC}.Debug|Any CPU.ActiveCfg = Debug|Any CPU
		{FFD88622-E886-4D18-BDE4-AA2C9CF553EC}.Debug|Any CPU.Build.0 = Debug|Any CPU
		{FFD88622-E886-4D18-BDE4-AA2C9CF553EC}.Release|Any CPU.ActiveCfg = Release|Any CPU
		{FFD88622-E886-4D18-BDE4-AA2C9CF553EC}.Release|Any CPU.Build.0 = Release|Any CPU
	EndGlobalSection
	GlobalSection(SolutionProperties) = preSolution
		HideSolutionNode = FALSE
	EndGlobalSection
	GlobalSection(ExtensibilityGlobals) = postSolution
		SolutionGuid = {F7B992AF-2643-4ABB-8F87-EBF0062DFC6A}
	EndGlobalSection
EndGlobal
